
Microsoft Visual Studio Solution File, Format Version 12.00
# Visual Studio Version 17
VisualStudioVersion = 17.5.33516.290
MinimumVisualStudioVersion = 10.0.40219.1
Project("{FAE04EC0-301F-11D3-BF4B-00C04F79EFBC}") = "LR5_Example3", "LR5_Example3\LR5_Example3.csproj", "{917287FB-045D-4115-AD87-3BBFCD235037}"
EndProject
Global
	GlobalSection(SolutionConfigurationPlatforms) = preSolution
		Debug|Any CPU = Debug|Any CPU
		Release|Any CPU = Release|Any CPU
	EndGlobalSection
	GlobalSection(ProjectConfigurationPlatforms) = postSolution
		{917287FB-045D-4115-AD87-3BBFCD235037}.Debug|Any CPU.ActiveCfg = Debug|Any CPU
		{917287FB-045D-4115-AD87-3BBFCD235037}.Debug|Any CPU.Build.0 = Debug|Any CPU
		{917287FB-045D-4115-AD87-3BBFCD235037}.Release|Any CPU.ActiveCfg = Release|Any CPU
		{917287FB-045D-4115-AD87-3BBFCD235037}.Release|Any CPU.Build.0 = Release|Any CPU
	EndGlobalSection
	GlobalSection(SolutionProperties) = preSolution
		HideSolutionNode = FALSE
	EndGlobalSection
	GlobalSection(ExtensibilityGlobals) = postSolution
		SolutionGuid = {BA20A8C0-F25E-4EA2-B18B-031962ECDD8B}
	EndGlobalSection
EndGlobal
